
Microsoft Visual Studio Solution File, Format Version 12.00
# Visual Studio Version 17
VisualStudioVersion = 17.11.35303.130
MinimumVisualStudioVersion = 10.0.40219.1
Project("{FAE04EC0-301F-11D3-BF4B-00C04F79EFBC}") = "AplicacionExcelsTomi", "AplicacionExcelsTomi\AplicacionExcelsTomi.csproj", "{11848D04-37DB-4D0D-9A66-B6DCEB5C3324}"
EndProject
Global
	GlobalSection(SolutionConfigurationPlatforms) = preSolution
		Debug|Any CPU = Debug|Any CPU
		Release|Any CPU = Release|Any CPU
	EndGlobalSection
	GlobalSection(ProjectConfigurationPlatforms) = postSolution
		{11848D04-37DB-4D0D-9A66-B6DCEB5C3324}.Debug|Any CPU.ActiveCfg = Debug|Any CPU
		{11848D04-37DB-4D0D-9A66-B6DCEB5C3324}.Debug|Any CPU.Build.0 = Debug|Any CPU
		{11848D04-37DB-4D0D-9A66-B6DCEB5C3324}.Release|Any CPU.ActiveCfg = Release|Any CPU
		{11848D04-37DB-4D0D-9A66-B6DCEB5C3324}.Release|Any CPU.Build.0 = Release|Any CPU
	EndGlobalSection
	GlobalSection(SolutionProperties) = preSolution
		HideSolutionNode = FALSE
	EndGlobalSection
	GlobalSection(ExtensibilityGlobals) = postSolution
		SolutionGuid = {E78D1AA8-2AE0-437B-9424-1CD9C9A650AC}
	EndGlobalSection
EndGlobal
